// !$*UTF8*$!
{
	archiveVersion = 1;
	classes = {
	};
	objectVersion = 48;
	objects = {

/* Begin PBXBuildFile section */
		0DA0A5A91FABD60F001B7EFC /* GymMapLoc.swift in Sources */ = {isa = PBXBuildFile; fileRef = 0DA0A5A81FABD60F001B7EFC /* GymMapLoc.swift */; };
		0DE3BB011F8862C200359D48 /* MapViewController.swift in Sources */ = {isa = PBXBuildFile; fileRef = 0DE3BB001F8862C200359D48 /* MapViewController.swift */; };
		0DE3BB031F8863B100359D48 /* MachineViewController.swift in Sources */ = {isa = PBXBuildFile; fileRef = 0DE3BB021F8863B100359D48 /* MachineViewController.swift */; };
		3F5538811FD881F000A828E2 /* LoadingViewController.swift in Sources */ = {isa = PBXBuildFile; fileRef = 3F5538801FD881F000A828E2 /* LoadingViewController.swift */; };
		8E26BA011FABADC80036687B /* Gym.xcdatamodeld in Sources */ = {isa = PBXBuildFile; fileRef = 8E26B9FF1FABADC80036687B /* Gym.xcdatamodeld */; };
		CDC1FBB21FBE2C95004C4C0E /* CoreDataModel.swift in Sources */ = {isa = PBXBuildFile; fileRef = CDC1FBB11FBE2C95004C4C0E /* CoreDataModel.swift */; };
		CDF913D31F88099F00ED350C /* AppDelegate.swift in Sources */ = {isa = PBXBuildFile; fileRef = CDF913D21F88099F00ED350C /* AppDelegate.swift */; };
		CDF913D51F88099F00ED350C /* QRViewController.swift in Sources */ = {isa = PBXBuildFile; fileRef = CDF913D41F88099F00ED350C /* QRViewController.swift */; };
		CDF913D71F88099F00ED350C /* MachineTableViewController.swift in Sources */ = {isa = PBXBuildFile; fileRef = CDF913D61F88099F00ED350C /* MachineTableViewController.swift */; };
		CDF913DA1F88099F00ED350C /* Main.storyboard in Resources */ = {isa = PBXBuildFile; fileRef = CDF913D81F88099F00ED350C /* Main.storyboard */; };
		CDF913DC1F88099F00ED350C /* Assets.xcassets in Resources */ = {isa = PBXBuildFile; fileRef = CDF913DB1F88099F00ED350C /* Assets.xcassets */; };
		CDF913DF1F88099F00ED350C /* LaunchScreen.storyboard in Resources */ = {isa = PBXBuildFile; fileRef = CDF913DD1F88099F00ED350C /* LaunchScreen.storyboard */; };
		CDF913EA1F88099F00ED350C /* GymMachineAssistantTests.swift in Sources */ = {isa = PBXBuildFile; fileRef = CDF913E91F88099F00ED350C /* GymMachineAssistantTests.swift */; };
		CDF913F51F88099F00ED350C /* GymMachineAssistantUITests.swift in Sources */ = {isa = PBXBuildFile; fileRef = CDF913F41F88099F00ED350C /* GymMachineAssistantUITests.swift */; };
/* End PBXBuildFile section */

/* Begin PBXContainerItemProxy section */
		CDF913E61F88099F00ED350C /* PBXContainerItemProxy */ = {
			isa = PBXContainerItemProxy;
			containerPortal = CDF913C71F88099F00ED350C /* Project object */;
			proxyType = 1;
			remoteGlobalIDString = CDF913CE1F88099F00ED350C;
			remoteInfo = GymMachineAssistant;
		};
		CDF913F11F88099F00ED350C /* PBXContainerItemProxy */ = {
			isa = PBXContainerItemProxy;
			containerPortal = CDF913C71F88099F00ED350C /* Project object */;
			proxyType = 1;
			remoteGlobalIDString = CDF913CE1F88099F00ED350C;
			remoteInfo = GymMachineAssistant;
		};
/* End PBXContainerItemProxy section */

/* Begin PBXFileReference section */
		0DA0A5A81FABD60F001B7EFC /* GymMapLoc.swift */ = {isa = PBXFileReference; lastKnownFileType = sourcecode.swift; path = GymMapLoc.swift; sourceTree = "<group>"; };
		0DE3BB001F8862C200359D48 /* MapViewController.swift */ = {isa = PBXFileReference; lastKnownFileType = sourcecode.swift; path = MapViewController.swift; sourceTree = "<group>"; };
		0DE3BB021F8863B100359D48 /* MachineViewController.swift */ = {isa = PBXFileReference; lastKnownFileType = sourcecode.swift; path = MachineViewController.swift; sourceTree = "<group>"; };
		3F5538801FD881F000A828E2 /* LoadingViewController.swift */ = {isa = PBXFileReference; lastKnownFileType = sourcecode.swift; path = LoadingViewController.swift; sourceTree = "<group>"; };
		3FB955921FD8EDC000FE8E12 /* en */ = {isa = PBXFileReference; lastKnownFileType = file.storyboard; name = en; path = en.lproj/Main.storyboard; sourceTree = "<group>"; };
		8E26BA001FABADC80036687B /* Gym.xcdatamodel */ = {isa = PBXFileReference; lastKnownFileType = wrapper.xcdatamodel; path = Gym.xcdatamodel; sourceTree = "<group>"; };
		CDC1FBB11FBE2C95004C4C0E /* CoreDataModel.swift */ = {isa = PBXFileReference; lastKnownFileType = sourcecode.swift; path = CoreDataModel.swift; sourceTree = "<group>"; };
		CDF913CF1F88099F00ED350C /* GymMachineAssistant.app */ = {isa = PBXFileReference; explicitFileType = wrapper.application; includeInIndex = 0; path = GymMachineAssistant.app; sourceTree = BUILT_PRODUCTS_DIR; };
		CDF913D21F88099F00ED350C /* AppDelegate.swift */ = {isa = PBXFileReference; lastKnownFileType = sourcecode.swift; path = AppDelegate.swift; sourceTree = "<group>"; };
		CDF913D41F88099F00ED350C /* QRViewController.swift */ = {isa = PBXFileReference; lastKnownFileType = sourcecode.swift; path = QRViewController.swift; sourceTree = "<group>"; };
		CDF913D61F88099F00ED350C /* MachineTableViewController.swift */ = {isa = PBXFileReference; lastKnownFileType = sourcecode.swift; path = MachineTableViewController.swift; sourceTree = "<group>"; };
		CDF913DB1F88099F00ED350C /* Assets.xcassets */ = {isa = PBXFileReference; lastKnownFileType = folder.assetcatalog; path = Assets.xcassets; sourceTree = "<group>"; };
		CDF913DE1F88099F00ED350C /* Base */ = {isa = PBXFileReference; lastKnownFileType = file.storyboard; name = Base; path = Base.lproj/LaunchScreen.storyboard; sourceTree = "<group>"; };
		CDF913E01F88099F00ED350C /* Info.plist */ = {isa = PBXFileReference; lastKnownFileType = text.plist.xml; path = Info.plist; sourceTree = "<group>"; };
		CDF913E51F88099F00ED350C /* GymMachineAssistantTests.xctest */ = {isa = PBXFileReference; explicitFileType = wrapper.cfbundle; includeInIndex = 0; path = GymMachineAssistantTests.xctest; sourceTree = BUILT_PRODUCTS_DIR; };
		CDF913E91F88099F00ED350C /* GymMachineAssistantTests.swift */ = {isa = PBXFileReference; lastKnownFileType = sourcecode.swift; path = GymMachineAssistantTests.swift; sourceTree = "<group>"; };
		CDF913EB1F88099F00ED350C /* Info.plist */ = {isa = PBXFileReference; lastKnownFileType = text.plist.xml; path = Info.plist; sourceTree = "<group>"; };
		CDF913F01F88099F00ED350C /* GymMachineAssistantUITests.xctest */ = {isa = PBXFileReference; explicitFileType = wrapper.cfbundle; includeInIndex = 0; path = GymMachineAssistantUITests.xctest; sourceTree = BUILT_PRODUCTS_DIR; };
		CDF913F41F88099F00ED350C /* GymMachineAssistantUITests.swift */ = {isa = PBXFileReference; lastKnownFileType = sourcecode.swift; path = GymMachineAssistantUITests.swift; sourceTree = "<group>"; };
		CDF913F61F88099F00ED350C /* Info.plist */ = {isa = PBXFileReference; lastKnownFileType = text.plist.xml; path = Info.plist; sourceTree = "<group>"; };
/* End PBXFileReference section */

/* Begin PBXFrameworksBuildPhase section */
		CDF913CC1F88099F00ED350C /* Frameworks */ = {
			isa = PBXFrameworksBuildPhase;
			buildActionMask = 2147483647;
			files = (
			);
			runOnlyForDeploymentPostprocessing = 0;
		};
		CDF913E21F88099F00ED350C /* Frameworks */ = {
			isa = PBXFrameworksBuildPhase;
			buildActionMask = 2147483647;
			files = (
			);
			runOnlyForDeploymentPostprocessing = 0;
		};
		CDF913ED1F88099F00ED350C /* Frameworks */ = {
			isa = PBXFrameworksBuildPhase;
			buildActionMask = 2147483647;
			files = (
			);
			runOnlyForDeploymentPostprocessing = 0;
		};
/* End PBXFrameworksBuildPhase section */

/* Begin PBXGroup section */
		CD67F21E1F97FCD7008720B1 /* Gym Images */ = {
			isa = PBXGroup;
			children = (
			);
			path = "Gym Images";
			sourceTree = "<group>";
		};
		CDF913C61F88099F00ED350C = {
			isa = PBXGroup;
			children = (
				CDF913D11F88099F00ED350C /* GymMachineAssistant */,
				CDF913E81F88099F00ED350C /* GymMachineAssistantTests */,
				CDF913F31F88099F00ED350C /* GymMachineAssistantUITests */,
				CDF913D01F88099F00ED350C /* Products */,
			);
			sourceTree = "<group>";
		};
		CDF913D01F88099F00ED350C /* Products */ = {
			isa = PBXGroup;
			children = (
				CDF913CF1F88099F00ED350C /* GymMachineAssistant.app */,
				CDF913E51F88099F00ED350C /* GymMachineAssistantTests.xctest */,
				CDF913F01F88099F00ED350C /* GymMachineAssistantUITests.xctest */,
			);
			name = Products;
			sourceTree = "<group>";
		};
		CDF913D11F88099F00ED350C /* GymMachineAssistant */ = {
			isa = PBXGroup;
			children = (
				CD67F21E1F97FCD7008720B1 /* Gym Images */,
				CDF913D21F88099F00ED350C /* AppDelegate.swift */,
				CDF913D41F88099F00ED350C /* QRViewController.swift */,
				CDC1FBB11FBE2C95004C4C0E /* CoreDataModel.swift */,
				CDF913D61F88099F00ED350C /* MachineTableViewController.swift */,
				CDF913D81F88099F00ED350C /* Main.storyboard */,
				3F5538801FD881F000A828E2 /* LoadingViewController.swift */,
				8E26B9FF1FABADC80036687B /* Gym.xcdatamodeld */,
				0DE3BB021F8863B100359D48 /* MachineViewController.swift */,
				CDF913DB1F88099F00ED350C /* Assets.xcassets */,
				CDF913DD1F88099F00ED350C /* LaunchScreen.storyboard */,
				CDF913E01F88099F00ED350C /* Info.plist */,
				0DE3BB001F8862C200359D48 /* MapViewController.swift */,
				0DA0A5A81FABD60F001B7EFC /* GymMapLoc.swift */,
			);
			path = GymMachineAssistant;
			sourceTree = "<group>";
		};
		CDF913E81F88099F00ED350C /* GymMachineAssistantTests */ = {
			isa = PBXGroup;
			children = (
				CDF913E91F88099F00ED350C /* GymMachineAssistantTests.swift */,
				CDF913EB1F88099F00ED350C /* Info.plist */,
			);
			path = GymMachineAssistantTests;
			sourceTree = "<group>";
		};
		CDF913F31F88099F00ED350C /* GymMachineAssistantUITests */ = {
			isa = PBXGroup;
			children = (
				CDF913F41F88099F00ED350C /* GymMachineAssistantUITests.swift */,
				CDF913F61F88099F00ED350C /* Info.plist */,
			);
			path = GymMachineAssistantUITests;
			sourceTree = "<group>";
		};
/* End PBXGroup section */

/* Begin PBXNativeTarget section */
		CDF913CE1F88099F00ED350C /* GymMachineAssistant */ = {
			isa = PBXNativeTarget;
			buildConfigurationList = CDF913F91F88099F00ED350C /* Build configuration list for PBXNativeTarget "GymMachineAssistant" */;
			buildPhases = (
				CDF913CB1F88099F00ED350C /* Sources */,
				CDF913CC1F88099F00ED350C /* Frameworks */,
				CDF913CD1F88099F00ED350C /* Resources */,
			);
			buildRules = (
			);
			dependencies = (
			);
			name = GymMachineAssistant;
			productName = GymMachineAssistant;
			productReference = CDF913CF1F88099F00ED350C /* GymMachineAssistant.app */;
			productType = "com.apple.product-type.application";
		};
		CDF913E41F88099F00ED350C /* GymMachineAssistantTests */ = {
			isa = PBXNativeTarget;
			buildConfigurationList = CDF913FC1F88099F00ED350C /* Build configuration list for PBXNativeTarget "GymMachineAssistantTests" */;
			buildPhases = (
				CDF913E11F88099F00ED350C /* Sources */,
				CDF913E21F88099F00ED350C /* Frameworks */,
				CDF913E31F88099F00ED350C /* Resources */,
			);
			buildRules = (
			);
			dependencies = (
				CDF913E71F88099F00ED350C /* PBXTargetDependency */,
			);
			name = GymMachineAssistantTests;
			productName = GymMachineAssistantTests;
			productReference = CDF913E51F88099F00ED350C /* GymMachineAssistantTests.xctest */;
			productType = "com.apple.product-type.bundle.unit-test";
		};
		CDF913EF1F88099F00ED350C /* GymMachineAssistantUITests */ = {
			isa = PBXNativeTarget;
			buildConfigurationList = CDF913FF1F88099F00ED350C /* Build configuration list for PBXNativeTarget "GymMachineAssistantUITests" */;
			buildPhases = (
				CDF913EC1F88099F00ED350C /* Sources */,
				CDF913ED1F88099F00ED350C /* Frameworks */,
				CDF913EE1F88099F00ED350C /* Resources */,
			);
			buildRules = (
			);
			dependencies = (
				CDF913F21F88099F00ED350C /* PBXTargetDependency */,
			);
			name = GymMachineAssistantUITests;
			productName = GymMachineAssistantUITests;
			productReference = CDF913F01F88099F00ED350C /* GymMachineAssistantUITests.xctest */;
			productType = "com.apple.product-type.bundle.ui-testing";
		};
/* End PBXNativeTarget section */

/* Begin PBXProject section */
		CDF913C71F88099F00ED350C /* Project object */ = {
			isa = PBXProject;
			attributes = {
				LastSwiftUpdateCheck = 0900;
				LastUpgradeCheck = 0900;
				ORGANIZATIONNAME = "Woolery,Matthew A";
				TargetAttributes = {
					CDF913CE1F88099F00ED350C = {
						CreatedOnToolsVersion = 9.0;
					};
					CDF913E41F88099F00ED350C = {
						CreatedOnToolsVersion = 9.0;
						TestTargetID = CDF913CE1F88099F00ED350C;
					};
					CDF913EF1F88099F00ED350C = {
						CreatedOnToolsVersion = 9.0;
						TestTargetID = CDF913CE1F88099F00ED350C;
					};
				};
			};
			buildConfigurationList = CDF913CA1F88099F00ED350C /* Build configuration list for PBXProject "GymMachineAssistant" */;
			compatibilityVersion = "Xcode 8.0";
			developmentRegion = en;
			hasScannedForEncodings = 0;
			knownRegions = (
				en,
				Base,
			);
			mainGroup = CDF913C61F88099F00ED350C;
			productRefGroup = CDF913D01F88099F00ED350C /* Products */;
			projectDirPath = "";
			projectRoot = "";
			targets = (
				CDF913CE1F88099F00ED350C /* GymMachineAssistant */,
				CDF913E41F88099F00ED350C /* GymMachineAssistantTests */,
				CDF913EF1F88099F00ED350C /* GymMachineAssistantUITests */,
			);
		};
/* End PBXProject section */

/* Begin PBXResourcesBuildPhase section */
		CDF913CD1F88099F00ED350C /* Resources */ = {
			isa = PBXResourcesBuildPhase;
			buildActionMask = 2147483647;
			files = (
				CDF913DF1F88099F00ED350C /* LaunchScreen.storyboard in Resources */,
				CDF913DC1F88099F00ED350C /* Assets.xcassets in Resources */,
				CDF913DA1F88099F00ED350C /* Main.storyboard in Resources */,
			);
			runOnlyForDeploymentPostprocessing = 0;
		};
		CDF913E31F88099F00ED350C /* Resources */ = {
			isa = PBXResourcesBuildPhase;
			buildActionMask = 2147483647;
			files = (
			);
			runOnlyForDeploymentPostprocessing = 0;
		};
		CDF913EE1F88099F00ED350C /* Resources */ = {
			isa = PBXResourcesBuildPhase;
			buildActionMask = 2147483647;
			files = (
			);
			runOnlyForDeploymentPostprocessing = 0;
		};
/* End PBXResourcesBuildPhase section */

/* Begin PBXSourcesBuildPhase section */
		CDF913CB1F88099F00ED350C /* Sources */ = {
			isa = PBXSourcesBuildPhase;
			buildActionMask = 2147483647;
			files = (
				CDF913D71F88099F00ED350C /* MachineTableViewController.swift in Sources */,
				CDF913D31F88099F00ED350C /* AppDelegate.swift in Sources */,
				CDF913D51F88099F00ED350C /* QRViewController.swift in Sources */,
				0DE3BB031F8863B100359D48 /* MachineViewController.swift in Sources */,
				CDC1FBB21FBE2C95004C4C0E /* CoreDataModel.swift in Sources */,
				3F5538811FD881F000A828E2 /* LoadingViewController.swift in Sources */,
				8E26BA011FABADC80036687B /* Gym.xcdatamodeld in Sources */,
				0DA0A5A91FABD60F001B7EFC /* GymMapLoc.swift in Sources */,
				0DE3BB011F8862C200359D48 /* MapViewController.swift in Sources */,
			);
			runOnlyForDeploymentPostprocessing = 0;
		};
		CDF913E11F88099F00ED350C /* Sources */ = {
			isa = PBXSourcesBuildPhase;
			buildActionMask = 2147483647;
			files = (
				CDF913EA1F88099F00ED350C /* GymMachineAssistantTests.swift in Sources */,
			);
			runOnlyForDeploymentPostprocessing = 0;
		};
		CDF913EC1F88099F00ED350C /* Sources */ = {
			isa = PBXSourcesBuildPhase;
			buildActionMask = 2147483647;
			files = (
				CDF913F51F88099F00ED350C /* GymMachineAssistantUITests.swift in Sources */,
			);
			runOnlyForDeploymentPostprocessing = 0;
		};
/* End PBXSourcesBuildPhase section */

/* Begin PBXTargetDependency section */
		CDF913E71F88099F00ED350C /* PBXTargetDependency */ = {
			isa = PBXTargetDependency;
			target = CDF913CE1F88099F00ED350C /* GymMachineAssistant */;
			targetProxy = CDF913E61F88099F00ED350C /* PBXContainerItemProxy */;
		};
		CDF913F21F88099F00ED350C /* PBXTargetDependency */ = {
			isa = PBXTargetDependency;
			target = CDF913CE1F88099F00ED350C /* GymMachineAssistant */;
			targetProxy = CDF913F11F88099F00ED350C /* PBXContainerItemProxy */;
		};
/* End PBXTargetDependency section */

/* Begin PBXVariantGroup section */
		CDF913D81F88099F00ED350C /* Main.storyboard */ = {
			isa = PBXVariantGroup;
			children = (
				3FB955921FD8EDC000FE8E12 /* en */,
			);
			name = Main.storyboard;
			sourceTree = "<group>";
		};
		CDF913DD1F88099F00ED350C /* LaunchScreen.storyboard */ = {
			isa = PBXVariantGroup;
			children = (
				CDF913DE1F88099F00ED350C /* Base */,
			);
			name = LaunchScreen.storyboard;
			sourceTree = "<group>";
		};
/* End PBXVariantGroup section */

/* Begin XCBuildConfiguration section */
		CDF913F71F88099F00ED350C /* Debug */ = {
			isa = XCBuildConfiguration;
			buildSettings = {
				ALWAYS_SEARCH_USER_PATHS = NO;
				CLANG_ANALYZER_NONNULL = YES;
				CLANG_ANALYZER_NUMBER_OBJECT_CONVERSION = YES_AGGRESSIVE;
				CLANG_CXX_LANGUAGE_STANDARD = "gnu++14";
				CLANG_CXX_LIBRARY = "libc++";
				CLANG_ENABLE_MODULES = YES;
				CLANG_ENABLE_OBJC_ARC = YES;
				CLANG_WARN_BLOCK_CAPTURE_AUTORELEASING = YES;
				CLANG_WARN_BOOL_CONVERSION = YES;
				CLANG_WARN_COMMA = YES;
				CLANG_WARN_CONSTANT_CONVERSION = YES;
				CLANG_WARN_DIRECT_OBJC_ISA_USAGE = YES_ERROR;
				CLANG_WARN_DOCUMENTATION_COMMENTS = YES;
				CLANG_WARN_EMPTY_BODY = YES;
				CLANG_WARN_ENUM_CONVERSION = YES;
				CLANG_WARN_INFINITE_RECURSION = YES;
				CLANG_WARN_INT_CONVERSION = YES;
				CLANG_WARN_OBJC_ROOT_CLASS = YES_ERROR;
				CLANG_WARN_RANGE_LOOP_ANALYSIS = YES;
				CLANG_WARN_STRICT_PROTOTYPES = YES;
				CLANG_WARN_SUSPICIOUS_MOVE = YES;
				CLANG_WARN_UNGUARDED_AVAILABILITY = YES_AGGRESSIVE;
				CLANG_WARN_UNREACHABLE_CODE = YES;
				CLANG_WARN__DUPLICATE_METHOD_MATCH = YES;
				CODE_SIGN_IDENTITY = "iPhone Developer";
				COPY_PHASE_STRIP = NO;
				DEBUG_INFORMATION_FORMAT = dwarf;
				ENABLE_STRICT_OBJC_MSGSEND = YES;
				ENABLE_TESTABILITY = YES;
				GCC_C_LANGUAGE_STANDARD = gnu11;
				GCC_DYNAMIC_NO_PIC = NO;
				GCC_NO_COMMON_BLOCKS = YES;
				GCC_OPTIMIZATION_LEVEL = 0;
				GCC_PREPROCESSOR_DEFINITIONS = (
					"DEBUG=1",
					"$(inherited)",
				);
				GCC_WARN_64_TO_32_BIT_CONVERSION = YES;
				GCC_WARN_ABOUT_RETURN_TYPE = YES_ERROR;
				GCC_WARN_UNDECLARED_SELECTOR = YES;
				GCC_WARN_UNINITIALIZED_AUTOS = YES_AGGRESSIVE;
				GCC_WARN_UNUSED_FUNCTION = YES;
				GCC_WARN_UNUSED_VARIABLE = YES;
				IPHONEOS_DEPLOYMENT_TARGET = 11.0;
				MTL_ENABLE_DEBUG_INFO = YES;
				ONLY_ACTIVE_ARCH = YES;
				SDKROOT = iphoneos;
				SWIFT_ACTIVE_COMPILATION_CONDITIONS = DEBUG;
				SWIFT_OPTIMIZATION_LEVEL = "-Onone";
			};
			name = Debug;
		};
		CDF913F81F88099F00ED350C /* Release */ = {
			isa = XCBuildConfiguration;
			buildSettings = {
				ALWAYS_SEARCH_USER_PATHS = NO;
				CLANG_ANALYZER_NONNULL = YES;
				CLANG_ANALYZER_NUMBER_OBJECT_CONVERSION = YES_AGGRESSIVE;
				CLANG_CXX_LANGUAGE_STANDARD = "gnu++14";
				CLANG_CXX_LIBRARY = "libc++";
				CLANG_ENABLE_MODULES = YES;
				CLANG_ENABLE_OBJC_ARC = YES;
				CLANG_WARN_BLOCK_CAPTURE_AUTORELEASING = YES;
				CLANG_WARN_BOOL_CONVERSION = YES;
				CLANG_WARN_COMMA = YES;
				CLANG_WARN_CONSTANT_CONVERSION = YES;
				CLANG_WARN_DIRECT_OBJC_ISA_USAGE = YES_ERROR;
				CLANG_WARN_DOCUMENTATION_COMMENTS = YES;
				CLANG_WARN_EMPTY_BODY = YES;
				CLANG_WARN_ENUM_CONVERSION = YES;
				CLANG_WARN_INFINITE_RECURSION = YES;
				CLANG_WARN_INT_CONVERSION = YES;
				CLANG_WARN_OBJC_ROOT_CLASS = YES_ERROR;
				CLANG_WARN_RANGE_LOOP_ANALYSIS = YES;
				CLANG_WARN_STRICT_PROTOTYPES = YES;
				CLANG_WARN_SUSPICIOUS_MOVE = YES;
				CLANG_WARN_UNGUARDED_AVAILABILITY = YES_AGGRESSIVE;
				CLANG_WARN_UNREACHABLE_CODE = YES;
				CLANG_WARN__DUPLICATE_METHOD_MATCH = YES;
				CODE_SIGN_IDENTITY = "iPhone Developer";
				COPY_PHASE_STRIP = NO;
				DEBUG_INFORMATION_FORMAT = "dwarf-with-dsym";
				ENABLE_NS_ASSERTIONS = NO;
				ENABLE_STRICT_OBJC_MSGSEND = YES;
				GCC_C_LANGUAGE_STANDARD = gnu11;
				GCC_NO_COMMON_BLOCKS = YES;
				GCC_WARN_64_TO_32_BIT_CONVERSION = YES;
				GCC_WARN_ABOUT_RETURN_TYPE = YES_ERROR;
				GCC_WARN_UNDECLARED_SELECTOR = YES;
				GCC_WARN_UNINITIALIZED_AUTOS = YES_AGGRESSIVE;
				GCC_WARN_UNUSED_FUNCTION = YES;
				GCC_WARN_UNUSED_VARIABLE = YES;
				IPHONEOS_DEPLOYMENT_TARGET = 11.0;
				MTL_ENABLE_DEBUG_INFO = NO;
				SDKROOT = iphoneos;
				SWIFT_OPTIMIZATION_LEVEL = "-Owholemodule";
				VALIDATE_PRODUCT = YES;
			};
			name = Release;
		};
		CDF913FA1F88099F00ED350C /* Debug */ = {
			isa = XCBuildConfiguration;
			buildSettings = {
				ASSETCATALOG_COMPILER_APPICON_NAME = AppIcon;
				DEVELOPMENT_TEAM = 583N2DJ8B2;
				INFOPLIST_FILE = GymMachineAssistant/Info.plist;
				IPHONEOS_DEPLOYMENT_TARGET = 10.3;
				LD_RUNPATH_SEARCH_PATHS = "$(inherited) @executable_path/Frameworks";
				PRODUCT_BUNDLE_IDENTIFIER = nwmissouri.edu.GymMachineAssistant;
				PRODUCT_NAME = "$(TARGET_NAME)";
				SWIFT_VERSION = 4.0;
				TARGETED_DEVICE_FAMILY = "1,2";
			};
			name = Debug;
		};
		CDF913FB1F88099F00ED350C /* Release */ = {
			isa = XCBuildConfiguration;
			buildSettings = {
				ASSETCATALOG_COMPILER_APPICON_NAME = AppIcon;
				DEVELOPMENT_TEAM = 583N2DJ8B2;
				INFOPLIST_FILE = GymMachineAssistant/Info.plist;
				IPHONEOS_DEPLOYMENT_TARGET = 10.3;
				LD_RUNPATH_SEARCH_PATHS = "$(inherited) @executable_path/Frameworks";
				PRODUCT_BUNDLE_IDENTIFIER = nwmissouri.edu.GymMachineAssistant;
				PRODUCT_NAME = "$(TARGET_NAME)";
				SWIFT_VERSION = 4.0;
				TARGETED_DEVICE_FAMILY = "1,2";
			};
			name = Release;
		};
		CDF913FD1F88099F00ED350C /* Debug */ = {
			isa = XCBuildConfiguration;
			buildSettings = {
				ALWAYS_EMBED_SWIFT_STANDARD_LIBRARIES = YES;
				BUNDLE_LOADER = "$(TEST_HOST)";
				INFOPLIST_FILE = GymMachineAssistantTests/Info.plist;
				IPHONEOS_DEPLOYMENT_TARGET = 10.3;
				LD_RUNPATH_SEARCH_PATHS = "$(inherited) @executable_path/Frameworks @loader_path/Frameworks";
				PRODUCT_BUNDLE_IDENTIFIER = nwmissouri.edu.GymMachineAssistantTests;
				PRODUCT_NAME = "$(TARGET_NAME)";
				SWIFT_VERSION = 4.0;
				TARGETED_DEVICE_FAMILY = "1,2";
				TEST_HOST = "$(BUILT_PRODUCTS_DIR)/GymMachineAssistant.app/GymMachineAssistant";
			};
			name = Debug;
		};
		CDF913FE1F88099F00ED350C /* Release */ = {
			isa = XCBuildConfiguration;
			buildSettings = {
				ALWAYS_EMBED_SWIFT_STANDARD_LIBRARIES = YES;
				BUNDLE_LOADER = "$(TEST_HOST)";
				INFOPLIST_FILE = GymMachineAssistantTests/Info.plist;
				IPHONEOS_DEPLOYMENT_TARGET = 10.3;
				LD_RUNPATH_SEARCH_PATHS = "$(inherited) @executable_path/Frameworks @loader_path/Frameworks";
				PRODUCT_BUNDLE_IDENTIFIER = nwmissouri.edu.GymMachineAssistantTests;
				PRODUCT_NAME = "$(TARGET_NAME)";
				SWIFT_VERSION = 4.0;
				TARGETED_DEVICE_FAMILY = "1,2";
				TEST_HOST = "$(BUILT_PRODUCTS_DIR)/GymMachineAssistant.app/GymMachineAssistant";
			};
			name = Release;
		};
		CDF914001F88099F00ED350C /* Debug */ = {
			isa = XCBuildConfiguration;
			buildSettings = {
				ALWAYS_EMBED_SWIFT_STANDARD_LIBRARIES = YES;
				INFOPLIST_FILE = GymMachineAssistantUITests/Info.plist;
				IPHONEOS_DEPLOYMENT_TARGET = 10.3;
				LD_RUNPATH_SEARCH_PATHS = "$(inherited) @executable_path/Frameworks @loader_path/Frameworks";
				PRODUCT_BUNDLE_IDENTIFIER = nwmissouri.edu.GymMachineAssistantUITests;
				PRODUCT_NAME = "$(TARGET_NAME)";
				SWIFT_VERSION = 4.0;
				TARGETED_DEVICE_FAMILY = "1,2";
				TEST_TARGET_NAME = GymMachineAssistant;
			};
			name = Debug;
		};
		CDF914011F88099F00ED350C /* Release */ = {
			isa = XCBuildConfiguration;
			buildSettings = {
				ALWAYS_EMBED_SWIFT_STANDARD_LIBRARIES = YES;
				INFOPLIST_FILE = GymMachineAssistantUITests/Info.plist;
				IPHONEOS_DEPLOYMENT_TARGET = 10.3;
				LD_RUNPATH_SEARCH_PATHS = "$(inherited) @executable_path/Frameworks @loader_path/Frameworks";
				PRODUCT_BUNDLE_IDENTIFIER = nwmissouri.edu.GymMachineAssistantUITests;
				PRODUCT_NAME = "$(TARGET_NAME)";
				SWIFT_VERSION = 4.0;
				TARGETED_DEVICE_FAMILY = "1,2";
				TEST_TARGET_NAME = GymMachineAssistant;
			};
			name = Release;
		};
/* End XCBuildConfiguration section */

/* Begin XCConfigurationList section */
		CDF913CA1F88099F00ED350C /* Build configuration list for PBXProject "GymMachineAssistant" */ = {
			isa = XCConfigurationList;
			buildConfigurations = (
				CDF913F71F88099F00ED350C /* Debug */,
				CDF913F81F88099F00ED350C /* Release */,
			);
			defaultConfigurationIsVisible = 0;
			defaultConfigurationName = Release;
		};
		CDF913F91F88099F00ED350C /* Build configuration list for PBXNativeTarget "GymMachineAssistant" */ = {
			isa = XCConfigurationList;
			buildConfigurations = (
				CDF913FA1F88099F00ED350C /* Debug */,
				CDF913FB1F88099F00ED350C /* Release */,
			);
			defaultConfigurationIsVisible = 0;
			defaultConfigurationName = Release;
		};
		CDF913FC1F88099F00ED350C /* Build configuration list for PBXNativeTarget "GymMachineAssistantTests" */ = {
			isa = XCConfigurationList;
			buildConfigurations = (
				CDF913FD1F88099F00ED350C /* Debug */,
				CDF913FE1F88099F00ED350C /* Release */,
			);
			defaultConfigurationIsVisible = 0;
			defaultConfigurationName = Release;
		};
		CDF913FF1F88099F00ED350C /* Build configuration list for PBXNativeTarget "GymMachineAssistantUITests" */ = {
			isa = XCConfigurationList;
			buildConfigurations = (
				CDF914001F88099F00ED350C /* Debug */,
				CDF914011F88099F00ED350C /* Release */,
			);
			defaultConfigurationIsVisible = 0;
			defaultConfigurationName = Release;
		};
/* End XCConfigurationList section */

/* Begin XCVersionGroup section */
		8E26B9FF1FABADC80036687B /* Gym.xcdatamodeld */ = {
			isa = XCVersionGroup;
			children = (
				8E26BA001FABADC80036687B /* Gym.xcdatamodel */,
			);
			currentVersion = 8E26BA001FABADC80036687B /* Gym.xcdatamodel */;
			path = Gym.xcdatamodeld;
			sourceTree = "<group>";
			versionGroupType = wrapper.xcdatamodel;
		};
/* End XCVersionGroup section */
	};
	rootObject = CDF913C71F88099F00ED350C /* Project object */;
}
